PODS:
  - ActionSheetPicker-3.0 (1.1.21)
  - Kiwi (2.3.1)
  - MZAppearance (1.1.3)
  - MZFormSheetController (2.4.1):
    - MZAppearance (~> 1.1.3)
    - MZFormSheetController/Core (= 2.4.1)
  - MZFormSheetController/Core (2.4.1):
    - MZAppearance (~> 1.1.3)
  - NPReachability (0.2.0)
  - SVProgressHUD (HEAD based on 1.1.2)
  - TPKeyboardAvoiding (HEAD based on 1.2.4)

DEPENDENCIES:
  - ActionSheetPicker-3.0 (~> 1.1.2)
  - Kiwi
  - MZFormSheetController
  - NPReachability (~> 0.2.0)
  - SVProgressHUD (HEAD)
  - TPKeyboardAvoiding (HEAD)

SPEC CHECKSUMS:
  ActionSheetPicker-3.0: 710a485097a467de2900e2a286c680bd49e4ce1e
  Kiwi: 73e1400209055ee9c8ba78c6012b6b642d0fb9f7
  MZAppearance: c88502c0c2345120630c34e09d5ff09e2969ba30
  MZFormSheetController: 4b58486f5f1562b3905310b02e8dbbb5a0a94128
  NPReachability: 8cc49b29538ef6815a3b7bcc5ab3c8ffbadc0b8a
  SVProgressHUD: da7a49e789af645d9279ffbca62318945a832438
  TPKeyboardAvoiding: 925e1e1912597d1a4956697eec3bd9656552153c

COCOAPODS: 0.35.0
